{
  "name": "playwright-demo",
  "version": "1.0.0",
  "lockfileVersion": 2,
  "requires": true,
  "packages": {
    "": {
      "name": "playwright-demo",
      "version": "1.0.0",
      "license": "ISC",
      "dependencies": {
        "@playwright/test": "^1.24.2",
        "playwright": "^1.24.2"
      }
    },
    "node_modules/@playwright/test": {
      "version": "1.27.1",
      "resolved": "https://registry.npmjs.org/@playwright/test/-/test-1.27.1.tgz",
      "integrity": "sha512-mrL2q0an/7tVqniQQF6RBL2saskjljXzqNcCOVMUjRIgE6Y38nCNaP+Dc2FBW06bcpD3tqIws/HT9qiMHbNU0A==",
      "dependencies": {
        "@types/node": "*",
        "playwright-core": "1.27.1"
      },
      "bin": {
        "playwright": "cli.js"
      },
      "engines": {
        "node": ">=14"
      }
    },
    "node_modules/@types/node": {
      "version": "18.11.3",
      "resolved": "https://registry.npmjs.org/@types/node/-/node-18.11.3.tgz",
      "integrity": "sha512-fNjDQzzOsZeKZu5NATgXUPsaFaTxeRgFXoosrHivTl8RGeV733OLawXsGfEk9a8/tySyZUyiZ6E8LcjPFZ2y1A=="
    },
    "node_modules/playwright": {
      "version": "1.27.1",
      "resolved": "https://registry.npmjs.org/playwright/-/playwright-1.27.1.tgz",
      "integrity": "sha512-xXYZ7m36yTtC+oFgqH0eTgullGztKSRMb4yuwLPl8IYSmgBM88QiB+3IWb1mRIC9/NNwcgbG0RwtFlg+EAFQHQ==",
      "hasInstallScript": true,
      "dependencies": {
        "playwright-core": "1.27.1"
      },
      "bin": {
        "playwright": "cli.js"
      },
      "engines": {
        "node": ">=14"
      }
    },
    "node_modules/playwright-core": {
      "version": "1.27.1",
      "resolved": "https://registry.npmjs.org/playwright-core/-/playwright-core-1.27.1.tgz",
      "integrity": "sha512-9EmeXDncC2Pmp/z+teoVYlvmPWUC6ejSSYZUln7YaP89Z6lpAaiaAnqroUt/BoLo8tn7WYShcfaCh+xofZa44Q==",
      "bin": {
        "playwright": "cli.js"
      },
      "engines": {
        "node": ">=14"
      }
    }
  },
  "dependencies": {
    "@playwright/test": {
      "version": "1.27.1",
      "resolved": "https://registry.npmjs.org/@playwright/test/-/test-1.27.1.tgz",
      "integrity": "sha512-mrL2q0an/7tVqniQQF6RBL2saskjljXzqNcCOVMUjRIgE6Y38nCNaP+Dc2FBW06bcpD3tqIws/HT9qiMHbNU0A==",
      "requires": {
        "@types/node": "*",
        "playwright-core": "1.27.1"
      }
    },
    "@types/node": {
      "version": "18.11.3",
      "resolved": "https://registry.npmjs.org/@types/node/-/node-18.11.3.tgz",
      "integrity": "sha512-fNjDQzzOsZeKZu5NATgXUPsaFaTxeRgFXoosrHivTl8RGeV733OLawXsGfEk9a8/tySyZUyiZ6E8LcjPFZ2y1A=="
    },
    "playwright": {
      "version": "1.27.1",
      "resolved": "https://registry.npmjs.org/playwright/-/playwright-1.27.1.tgz",
      "integrity": "sha512-xXYZ7m36yTtC+oFgqH0eTgullGztKSRMb4yuwLPl8IYSmgBM88QiB+3IWb1mRIC9/NNwcgbG0RwtFlg+EAFQHQ==",
      "requires": {
        "playwright-core": "1.27.1"
      }
    },
    "playwright-core": {
      "version": "1.27.1",
      "resolved": "https://registry.npmjs.org/playwright-core/-/playwright-core-1.27.1.tgz",
      "integrity": "sha512-9EmeXDncC2Pmp/z+teoVYlvmPWUC6ejSSYZUln7YaP89Z6lpAaiaAnqroUt/BoLo8tn7WYShcfaCh+xofZa44Q=="
    }
  }
}
